
Microsoft Visual Studio Solution File, Format Version 12.00
# Visual Studio Version 16
VisualStudioVersion = 16.0.29519.87
MinimumVisualStudioVersion = 10.0.40219.1
Project("{FAE04EC0-301F-11D3-BF4B-00C04F79EFBC}") = "Hanna_ConsoleApp", "ConsoleApp1\Hanna_ConsoleApp.csproj", "{A61E2F3B-C446-4CA7-88F9-BBAFD696B2E2}"
EndProject
Project("{FAE04EC0-301F-11D3-BF4B-00C04F79EFBC}") = "Library_display", "ClassLibrary1\Library_display.csproj", "{D2AE1A6A-5BA9-4ACB-9CE8-A7201442AFFD}"
EndProject
Project("{2150E333-8FDC-42A3-9474-1A3956D46DE8}") = "Test", "Test", "{61F4C704-6715-4D3B-84B4-66B4EDA1FD08}"
EndProject
Project("{FAE04EC0-301F-11D3-BF4B-00C04F79EFBC}") = "Hanna_ConsoleAppTest", "Test\1_VARIABLES\Hanna_ConsoleAppTest.csproj", "{6F8D3327-819A-4E8F-893E-227E35DCE0F9}"
EndProject
Project("{9A19103F-16F7-4668-BE54-9A1E7A4F7556}") = "XUnitHanna_ConsoleAppTest", "XUnitTestProject1\XUnitHanna_ConsoleAppTest.csproj", "{9B4DFFD7-DFD0-431C-A4BA-91AE8B2FE5D4}"
EndProject
Project("{FAE04EC0-301F-11D3-BF4B-00C04F79EFBC}") = "MyClasses", "MyClasses\MyClasses.csproj", "{C2B73B04-0CDB-46B9-991B-7D9DCD1EA7B5}"
EndProject
Project("{FAE04EC0-301F-11D3-BF4B-00C04F79EFBC}") = "MyClassesTest", "Test\MyClassesTest\MyClassesTest.csproj", "{F9EF06D5-6EBD-41B5-8A71-E8369D2423F7}"
EndProject
Project("{2150E333-8FDC-42A3-9474-1A3956D46DE8}") = "ACM", "ACM", "{B82531B5-2538-47E4-B8B2-9786EEDC21F6}"
EndProject
Project("{2150E333-8FDC-42A3-9474-1A3956D46DE8}") = "GradeBook", "GradeBook", "{1BA631F7-644C-4E37-8C6E-27270ED53693}"
EndProject
Project("{9A19103F-16F7-4668-BE54-9A1E7A4F7556}") = "GradeBook.Test", "..\src\test\GradeBook.Test\GradeBook.Test.csproj", "{70C85309-3FC5-4038-BBF6-1A23CA7833F3}"
EndProject
Project("{2150E333-8FDC-42A3-9474-1A3956D46DE8}") = "Hanna_ConsoleApp", "Hanna_ConsoleApp", "{17845652-525E-4566-9B5F-3342C076C28E}"
EndProject
Project("{2150E333-8FDC-42A3-9474-1A3956D46DE8}") = "Project_Hanna_ConsoleApp", "Project_Hanna_ConsoleApp", "{97229E53-C53D-4962-B396-A0575F53FC40}"
EndProject
Project("{2150E333-8FDC-42A3-9474-1A3956D46DE8}") = "Test_Hanna_ConsoleApp", "Test_Hanna_ConsoleApp", "{2BA456B8-9FE3-4418-94AB-33284558877B}"
EndProject
Project("{2150E333-8FDC-42A3-9474-1A3956D46DE8}") = "MyClasses", "MyClasses", "{D50EF17C-8E2C-449B-BBBC-3A80819B79BE}"
EndProject
Project("{2150E333-8FDC-42A3-9474-1A3956D46DE8}") = "Project_MyClasses", "Project_MyClasses", "{CCFFCDD2-BE8A-412C-BF8E-61758F0F10FF}"
EndProject
Project("{FAE04EC0-301F-11D3-BF4B-00C04F79EFBC}") = "WindowsFormsApp1", "..\..\WindowsFormsApp2\WindowsFormsApp1\WindowsFormsApp1.csproj", "{164FC65B-25D2-4155-B8F5-022BFD6F375A}"
EndProject
Project("{2150E333-8FDC-42A3-9474-1A3956D46DE8}") = "Project_Hanna_WinFormApp", "Project_Hanna_WinFormApp", "{C724E3C5-E52C-4F89-8766-9BCDA3EAB9EA}"
EndProject
Project("{2150E333-8FDC-42A3-9474-1A3956D46DE8}") = "Project_Hanna_Tringle_WinFormApp", "Project_Hanna_Tringle_WinFormApp", "{4AEA2DA5-5A28-4374-ADEC-4CA32873BD75}"
EndProject
Project("{FAE04EC0-301F-11D3-BF4B-00C04F79EFBC}") = "Triangle", "..\..\Triangle — копия\Triangle\Triangle.csproj", "{27DC02D2-D997-47BC-BF43-70577B0C6D21}"
EndProject
Project("{2150E333-8FDC-42A3-9474-1A3956D46DE8}") = "String_Calculator", "String_Calculator", "{BBF13394-D15A-443F-A888-F27E6810BA4B}"
EndProject
Project("{9A19103F-16F7-4668-BE54-9A1E7A4F7556}") = "test2", "..\..\..\test2\test2\test2.csproj", "{F719DD0E-CA9B-4B29-8FE4-CFA8A6DC751C}"
EndProject
Project("{9A19103F-16F7-4668-BE54-9A1E7A4F7556}") = "test2Test", "..\..\..\test2\test2Test\test2Test.csproj", "{5FA853DE-7CEE-4AD3-8492-193BA0321400}"
EndProject
Project("{FAE04EC0-301F-11D3-BF4B-00C04F79EFBC}") = "ACM.BL", "..\..\..\app\HAOK-master\ACM\ACM.BL\ACM.BL.csproj", "{EBDA405F-C7A9-425C-8191-74D03CFA7D28}"
EndProject
Project("{FAE04EC0-301F-11D3-BF4B-00C04F79EFBC}") = "Acme.Common", "..\..\..\app\HAOK-master\ACM\Acme.Common\Acme.Common.csproj", "{CCC7F894-ABD5-4667-BC82-8DD1DC1DEC9F}"
EndProject
Project("{2150E333-8FDC-42A3-9474-1A3956D46DE8}") = "ACMTests", "ACMTests", "{1BAC5891-4834-4DCD-A1AC-CDC2DE827F6A}"
EndProject
Project("{FAE04EC0-301F-11D3-BF4B-00C04F79EFBC}") = "ACM.BLTest", "..\..\..\app\HAOK-master\ACM\Tests\ACM.BLTest\ACM.BLTest.csproj", "{EE72774E-1124-4BFB-9D09-4B6CADC501AE}"
EndProject
Project("{FAE04EC0-301F-11D3-BF4B-00C04F79EFBC}") = "Acme.CommonTest", "..\..\..\app\HAOK-master\ACM\Tests\Acme.CommonTest\Acme.CommonTest.csproj", "{ACE51143-C3AA-4925-8C4A-0438DFD88AAD}"
EndProject
Global
	GlobalSection(SolutionConfigurationPlatforms) = preSolution
		Debug|Any CPU = Debug|Any CPU
		Release|Any CPU = Release|Any CPU
	EndGlobalSection
	GlobalSection(ProjectConfigurationPlatforms) = postSolution
		{A61E2F3B-C446-4CA7-88F9-BBAFD696B2E2}.Debug|Any CPU.ActiveCfg = Debug|Any CPU
		{A61E2F3B-C446-4CA7-88F9-BBAFD696B2E2}.Debug|Any CPU.Build.0 = Debug|Any CPU
		{A61E2F3B-C446-4CA7-88F9-BBAFD696B2E2}.Release|Any CPU.ActiveCfg = Release|Any CPU
		{A61E2F3B-C446-4CA7-88F9-BBAFD696B2E2}.Release|Any CPU.Build.0 = Release|Any CPU
		{D2AE1A6A-5BA9-4ACB-9CE8-A7201442AFFD}.Debug|Any CPU.ActiveCfg = Debug|Any CPU
		{D2AE1A6A-5BA9-4ACB-9CE8-A7201442AFFD}.Debug|Any CPU.Build.0 = Debug|Any CPU
		{D2AE1A6A-5BA9-4ACB-9CE8-A7201442AFFD}.Release|Any CPU.ActiveCfg = Release|Any CPU
		{D2AE1A6A-5BA9-4ACB-9CE8-A7201442AFFD}.Release|Any CPU.Build.0 = Release|Any CPU
		{6F8D3327-819A-4E8F-893E-227E35DCE0F9}.Debug|Any CPU.ActiveCfg = Debug|Any CPU
		{6F8D3327-819A-4E8F-893E-227E35DCE0F9}.Debug|Any CPU.Build.0 = Debug|Any CPU
		{6F8D3327-819A-4E8F-893E-227E35DCE0F9}.Release|Any CPU.ActiveCfg = Release|Any CPU
		{6F8D3327-819A-4E8F-893E-227E35DCE0F9}.Release|Any CPU.Build.0 = Release|Any CPU
		{9B4DFFD7-DFD0-431C-A4BA-91AE8B2FE5D4}.Debug|Any CPU.ActiveCfg = Debug|Any CPU
		{9B4DFFD7-DFD0-431C-A4BA-91AE8B2FE5D4}.Debug|Any CPU.Build.0 = Debug|Any CPU
		{9B4DFFD7-DFD0-431C-A4BA-91AE8B2FE5D4}.Release|Any CPU.ActiveCfg = Release|Any CPU
		{9B4DFFD7-DFD0-431C-A4BA-91AE8B2FE5D4}.Release|Any CPU.Build.0 = Release|Any CPU
		{C2B73B04-0CDB-46B9-991B-7D9DCD1EA7B5}.Debug|Any CPU.ActiveCfg = Debug|Any CPU
		{C2B73B04-0CDB-46B9-991B-7D9DCD1EA7B5}.Debug|Any CPU.Build.0 = Debug|Any CPU
		{C2B73B04-0CDB-46B9-991B-7D9DCD1EA7B5}.Release|Any CPU.ActiveCfg = Release|Any CPU
		{C2B73B04-0CDB-46B9-991B-7D9DCD1EA7B5}.Release|Any CPU.Build.0 = Release|Any CPU
		{F9EF06D5-6EBD-41B5-8A71-E8369D2423F7}.Debug|Any CPU.ActiveCfg = Debug|Any CPU
		{F9EF06D5-6EBD-41B5-8A71-E8369D2423F7}.Debug|Any CPU.Build.0 = Debug|Any CPU
		{F9EF06D5-6EBD-41B5-8A71-E8369D2423F7}.Release|Any CPU.ActiveCfg = Release|Any CPU
		{F9EF06D5-6EBD-41B5-8A71-E8369D2423F7}.Release|Any CPU.Build.0 = Release|Any CPU
		{70C85309-3FC5-4038-BBF6-1A23CA7833F3}.Debug|Any CPU.ActiveCfg = Debug|Any CPU
		{70C85309-3FC5-4038-BBF6-1A23CA7833F3}.Debug|Any CPU.Build.0 = Debug|Any CPU
		{70C85309-3FC5-4038-BBF6-1A23CA7833F3}.Release|Any CPU.ActiveCfg = Release|Any CPU
		{70C85309-3FC5-4038-BBF6-1A23CA7833F3}.Release|Any CPU.Build.0 = Release|Any CPU
		{164FC65B-25D2-4155-B8F5-022BFD6F375A}.Debug|Any CPU.ActiveCfg = Debug|Any CPU
		{164FC65B-25D2-4155-B8F5-022BFD6F375A}.Debug|Any CPU.Build.0 = Debug|Any CPU
		{164FC65B-25D2-4155-B8F5-022BFD6F375A}.Release|Any CPU.ActiveCfg = Release|Any CPU
		{164FC65B-25D2-4155-B8F5-022BFD6F375A}.Release|Any CPU.Build.0 = Release|Any CPU
		{27DC02D2-D997-47BC-BF43-70577B0C6D21}.Debug|Any CPU.ActiveCfg = Debug|Any CPU
		{27DC02D2-D997-47BC-BF43-70577B0C6D21}.Debug|Any CPU.Build.0 = Debug|Any CPU
		{27DC02D2-D997-47BC-BF43-70577B0C6D21}.Release|Any CPU.ActiveCfg = Release|Any CPU
		{27DC02D2-D997-47BC-BF43-70577B0C6D21}.Release|Any CPU.Build.0 = Release|Any CPU
		{F719DD0E-CA9B-4B29-8FE4-CFA8A6DC751C}.Debug|Any CPU.ActiveCfg = Debug|Any CPU
		{F719DD0E-CA9B-4B29-8FE4-CFA8A6DC751C}.Debug|Any CPU.Build.0 = Debug|Any CPU
		{F719DD0E-CA9B-4B29-8FE4-CFA8A6DC751C}.Release|Any CPU.ActiveCfg = Release|Any CPU
		{F719DD0E-CA9B-4B29-8FE4-CFA8A6DC751C}.Release|Any CPU.Build.0 = Release|Any CPU
		{5FA853DE-7CEE-4AD3-8492-193BA0321400}.Debug|Any CPU.ActiveCfg = Debug|Any CPU
		{5FA853DE-7CEE-4AD3-8492-193BA0321400}.Debug|Any CPU.Build.0 = Debug|Any CPU
		{5FA853DE-7CEE-4AD3-8492-193BA0321400}.Release|Any CPU.ActiveCfg = Release|Any CPU
		{5FA853DE-7CEE-4AD3-8492-193BA0321400}.Release|Any CPU.Build.0 = Release|Any CPU
		{EBDA405F-C7A9-425C-8191-74D03CFA7D28}.Debug|Any CPU.ActiveCfg = Debug|Any CPU
		{EBDA405F-C7A9-425C-8191-74D03CFA7D28}.Debug|Any CPU.Build.0 = Debug|Any CPU
		{EBDA405F-C7A9-425C-8191-74D03CFA7D28}.Release|Any CPU.ActiveCfg = Release|Any CPU
		{EBDA405F-C7A9-425C-8191-74D03CFA7D28}.Release|Any CPU.Build.0 = Release|Any CPU
		{CCC7F894-ABD5-4667-BC82-8DD1DC1DEC9F}.Debug|Any CPU.ActiveCfg = Debug|Any CPU
		{CCC7F894-ABD5-4667-BC82-8DD1DC1DEC9F}.Debug|Any CPU.Build.0 = Debug|Any CPU
		{CCC7F894-ABD5-4667-BC82-8DD1DC1DEC9F}.Release|Any CPU.ActiveCfg = Release|Any CPU
		{CCC7F894-ABD5-4667-BC82-8DD1DC1DEC9F}.Release|Any CPU.Build.0 = Release|Any CPU
		{EE72774E-1124-4BFB-9D09-4B6CADC501AE}.Debug|Any CPU.ActiveCfg = Debug|Any CPU
		{EE72774E-1124-4BFB-9D09-4B6CADC501AE}.Debug|Any CPU.Build.0 = Debug|Any CPU
		{EE72774E-1124-4BFB-9D09-4B6CADC501AE}.Release|Any CPU.ActiveCfg = Release|Any CPU
		{EE72774E-1124-4BFB-9D09-4B6CADC501AE}.Release|Any CPU.Build.0 = Release|Any CPU
		{ACE51143-C3AA-4925-8C4A-0438DFD88AAD}.Debug|Any CPU.ActiveCfg = Debug|Any CPU
		{ACE51143-C3AA-4925-8C4A-0438DFD88AAD}.Debug|Any CPU.Build.0 = Debug|Any CPU
		{ACE51143-C3AA-4925-8C4A-0438DFD88AAD}.Release|Any CPU.ActiveCfg = Release|Any CPU
		{ACE51143-C3AA-4925-8C4A-0438DFD88AAD}.Release|Any CPU.Build.0 = Release|Any CPU
	EndGlobalSection
	GlobalSection(SolutionProperties) = preSolution
		HideSolutionNode = FALSE
	EndGlobalSection
	GlobalSection(NestedProjects) = preSolution
		{A61E2F3B-C446-4CA7-88F9-BBAFD696B2E2} = {97229E53-C53D-4962-B396-A0575F53FC40}
		{D2AE1A6A-5BA9-4ACB-9CE8-A7201442AFFD} = {97229E53-C53D-4962-B396-A0575F53FC40}
		{61F4C704-6715-4D3B-84B4-66B4EDA1FD08} = {D50EF17C-8E2C-449B-BBBC-3A80819B79BE}
		{6F8D3327-819A-4E8F-893E-227E35DCE0F9} = {2BA456B8-9FE3-4418-94AB-33284558877B}
		{9B4DFFD7-DFD0-431C-A4BA-91AE8B2FE5D4} = {2BA456B8-9FE3-4418-94AB-33284558877B}
		{C2B73B04-0CDB-46B9-991B-7D9DCD1EA7B5} = {CCFFCDD2-BE8A-412C-BF8E-61758F0F10FF}
		{F9EF06D5-6EBD-41B5-8A71-E8369D2423F7} = {61F4C704-6715-4D3B-84B4-66B4EDA1FD08}
		{70C85309-3FC5-4038-BBF6-1A23CA7833F3} = {1BA631F7-644C-4E37-8C6E-27270ED53693}
		{97229E53-C53D-4962-B396-A0575F53FC40} = {17845652-525E-4566-9B5F-3342C076C28E}
		{2BA456B8-9FE3-4418-94AB-33284558877B} = {17845652-525E-4566-9B5F-3342C076C28E}
		{CCFFCDD2-BE8A-412C-BF8E-61758F0F10FF} = {D50EF17C-8E2C-449B-BBBC-3A80819B79BE}
		{164FC65B-25D2-4155-B8F5-022BFD6F375A} = {C724E3C5-E52C-4F89-8766-9BCDA3EAB9EA}
		{C724E3C5-E52C-4F89-8766-9BCDA3EAB9EA} = {17845652-525E-4566-9B5F-3342C076C28E}
		{4AEA2DA5-5A28-4374-ADEC-4CA32873BD75} = {17845652-525E-4566-9B5F-3342C076C28E}
		{27DC02D2-D997-47BC-BF43-70577B0C6D21} = {4AEA2DA5-5A28-4374-ADEC-4CA32873BD75}
		{F719DD0E-CA9B-4B29-8FE4-CFA8A6DC751C} = {BBF13394-D15A-443F-A888-F27E6810BA4B}
		{5FA853DE-7CEE-4AD3-8492-193BA0321400} = {BBF13394-D15A-443F-A888-F27E6810BA4B}
		{EBDA405F-C7A9-425C-8191-74D03CFA7D28} = {B82531B5-2538-47E4-B8B2-9786EEDC21F6}
		{CCC7F894-ABD5-4667-BC82-8DD1DC1DEC9F} = {B82531B5-2538-47E4-B8B2-9786EEDC21F6}
		{1BAC5891-4834-4DCD-A1AC-CDC2DE827F6A} = {B82531B5-2538-47E4-B8B2-9786EEDC21F6}
		{EE72774E-1124-4BFB-9D09-4B6CADC501AE} = {1BAC5891-4834-4DCD-A1AC-CDC2DE827F6A}
		{ACE51143-C3AA-4925-8C4A-0438DFD88AAD} = {1BAC5891-4834-4DCD-A1AC-CDC2DE827F6A}
	EndGlobalSection
	GlobalSection(ExtensibilityGlobals) = postSolution
		SolutionGuid = {A635F448-F5C5-4D4C-B2FA-051BD652B7FB}
	EndGlobalSection
EndGlobal
