
Microsoft Visual Studio Solution File, Format Version 12.00
# Visual Studio 15
VisualStudioVersion = 15.0.28307.902
MinimumVisualStudioVersion = 10.0.40219.1
Project("{FAE04EC0-301F-11D3-BF4B-00C04F79EFBC}") = "ACM.BL", "ACM.BL\ACM.BL.csproj", "{EBDA405F-C7A9-425C-8191-74D03CFA7D28}"
EndProject
Project("{2150E333-8FDC-42A3-9474-1A3956D46DE8}") = "Tests", "Tests", "{3EFC77B5-2C9A-4056-ADA9-9ACC159204E6}"
EndProject
Project("{FAE04EC0-301F-11D3-BF4B-00C04F79EFBC}") = "ACM.BLTest", "Tests\ACM.BLTest\ACM.BLTest.csproj", "{EE72774E-1124-4BFB-9D09-4B6CADC501AE}"
EndProject
Project("{FAE04EC0-301F-11D3-BF4B-00C04F79EFBC}") = "Acme.Common", "Acme.Common\Acme.Common.csproj", "{CCC7F894-ABD5-4667-BC82-8DD1DC1DEC9F}"
EndProject
Project("{FAE04EC0-301F-11D3-BF4B-00C04F79EFBC}") = "Acme.CommonTest", "Tests\Acme.CommonTest\Acme.CommonTest.csproj", "{ACE51143-C3AA-4925-8C4A-0438DFD88AAD}"
EndProject
Global
	GlobalSection(SolutionConfigurationPlatforms) = preSolution
		Debug|Any CPU = Debug|Any CPU
		Release|Any CPU = Release|Any CPU
	EndGlobalSection
	GlobalSection(ProjectConfigurationPlatforms) = postSolution
		{EBDA405F-C7A9-425C-8191-74D03CFA7D28}.Debug|Any CPU.ActiveCfg = Debug|Any CPU
		{EBDA405F-C7A9-425C-8191-74D03CFA7D28}.Debug|Any CPU.Build.0 = Debug|Any CPU
		{EBDA405F-C7A9-425C-8191-74D03CFA7D28}.Release|Any CPU.ActiveCfg = Release|Any CPU
		{EBDA405F-C7A9-425C-8191-74D03CFA7D28}.Release|Any CPU.Build.0 = Release|Any CPU
		{EE72774E-1124-4BFB-9D09-4B6CADC501AE}.Debug|Any CPU.ActiveCfg = Debug|Any CPU
		{EE72774E-1124-4BFB-9D09-4B6CADC501AE}.Debug|Any CPU.Build.0 = Debug|Any CPU
		{EE72774E-1124-4BFB-9D09-4B6CADC501AE}.Release|Any CPU.ActiveCfg = Release|Any CPU
		{EE72774E-1124-4BFB-9D09-4B6CADC501AE}.Release|Any CPU.Build.0 = Release|Any CPU
		{CCC7F894-ABD5-4667-BC82-8DD1DC1DEC9F}.Debug|Any CPU.ActiveCfg = Debug|Any CPU
		{CCC7F894-ABD5-4667-BC82-8DD1DC1DEC9F}.Debug|Any CPU.Build.0 = Debug|Any CPU
		{CCC7F894-ABD5-4667-BC82-8DD1DC1DEC9F}.Release|Any CPU.ActiveCfg = Release|Any CPU
		{CCC7F894-ABD5-4667-BC82-8DD1DC1DEC9F}.Release|Any CPU.Build.0 = Release|Any CPU
		{ACE51143-C3AA-4925-8C4A-0438DFD88AAD}.Debug|Any CPU.ActiveCfg = Debug|Any CPU
		{ACE51143-C3AA-4925-8C4A-0438DFD88AAD}.Debug|Any CPU.Build.0 = Debug|Any CPU
		{ACE51143-C3AA-4925-8C4A-0438DFD88AAD}.Release|Any CPU.ActiveCfg = Release|Any CPU
		{ACE51143-C3AA-4925-8C4A-0438DFD88AAD}.Release|Any CPU.Build.0 = Release|Any CPU
	EndGlobalSection
	GlobalSection(SolutionProperties) = preSolution
		HideSolutionNode = FALSE
	EndGlobalSection
	GlobalSection(NestedProjects) = preSolution
		{EE72774E-1124-4BFB-9D09-4B6CADC501AE} = {3EFC77B5-2C9A-4056-ADA9-9ACC159204E6}
		{ACE51143-C3AA-4925-8C4A-0438DFD88AAD} = {3EFC77B5-2C9A-4056-ADA9-9ACC159204E6}
	EndGlobalSection
	GlobalSection(ExtensibilityGlobals) = postSolution
		SolutionGuid = {ADEFB724-D4D6-423E-97B6-7BECFFF920B9}
	EndGlobalSection
EndGlobal
